
Microsoft Visual Studio Solution File, Format Version 12.00
# Visual Studio Version 16
VisualStudioVersion = 16.0.31112.23
MinimumVisualStudioVersion = 10.0.40219.1
Project("{9A19103F-16F7-4668-BE54-9A1E7A4F7556}") = "Gateway", "Gateway.csproj", "{55489D30-D0A4-431E-8565-E1A1DAC77195}"
EndProject
Project("{FAE04EC0-301F-11D3-BF4B-00C04F79EFBC}") = "GatewayConsole", "..\GatewayConsole\GatewayConsole.csproj", "{D660403E-1E49-4D78-959A-D67A9C43E4DC}"
EndProject
Global
	GlobalSection(SolutionConfigurationPlatforms) = preSolution
		Debug|Any CPU = Debug|Any CPU
		Release|Any CPU = Release|Any CPU
	EndGlobalSection
	GlobalSection(ProjectConfigurationPlatforms) = postSolution
		{55489D30-D0A4-431E-8565-E1A1DAC77195}.Debug|Any CPU.ActiveCfg = Debug|Any CPU
		{55489D30-D0A4-431E-8565-E1A1DAC77195}.Debug|Any CPU.Build.0 = Debug|Any CPU
		{55489D30-D0A4-431E-8565-E1A1DAC77195}.Release|Any CPU.ActiveCfg = Release|Any CPU
		{55489D30-D0A4-431E-8565-E1A1DAC77195}.Release|Any CPU.Build.0 = Release|Any CPU
		{D660403E-1E49-4D78-959A-D67A9C43E4DC}.Debug|Any CPU.ActiveCfg = Debug|Any CPU
		{D660403E-1E49-4D78-959A-D67A9C43E4DC}.Debug|Any CPU.Build.0 = Debug|Any CPU
		{D660403E-1E49-4D78-959A-D67A9C43E4DC}.Release|Any CPU.ActiveCfg = Release|Any CPU
		{D660403E-1E49-4D78-959A-D67A9C43E4DC}.Release|Any CPU.Build.0 = Release|Any CPU
	EndGlobalSection
	GlobalSection(SolutionProperties) = preSolution
		HideSolutionNode = FALSE
	EndGlobalSection
	GlobalSection(ExtensibilityGlobals) = postSolution
		SolutionGuid = {EB87BF81-7F19-41BD-A47E-B490AC561605}
	EndGlobalSection
EndGlobal
